
Microsoft Visual Studio Solution File, Format Version 12.00
# Visual Studio 15
VisualStudioVersion = 15.0.28307.1209
MinimumVisualStudioVersion = 10.0.40219.1
Project("{F184B08F-C81C-45F6-A57F-5ABD9991F28F}") = "ApplicationLog", "ApplicationLog\ApplicationLog.vbproj", "{63B25CED-666F-4BB0-A01B-C5BB3AEF85D3}"
EndProject
Global
	GlobalSection(SolutionConfigurationPlatforms) = preSolution
		Debug|Any CPU = Debug|Any CPU
		Release|Any CPU = Release|Any CPU
	EndGlobalSection
	GlobalSection(ProjectConfigurationPlatforms) = postSolution
		{63B25CED-666F-4BB0-A01B-C5BB3AEF85D3}.Debug|Any CPU.ActiveCfg = Debug|Any CPU
		{63B25CED-666F-4BB0-A01B-C5BB3AEF85D3}.Debug|Any CPU.Build.0 = Debug|Any CPU
		{63B25CED-666F-4BB0-A01B-C5BB3AEF85D3}.Release|Any CPU.ActiveCfg = Release|Any CPU
		{63B25CED-666F-4BB0-A01B-C5BB3AEF85D3}.Release|Any CPU.Build.0 = Release|Any CPU
	EndGlobalSection
	GlobalSection(SolutionProperties) = preSolution
		HideSolutionNode = FALSE
	EndGlobalSection
	GlobalSection(ExtensibilityGlobals) = postSolution
		SolutionGuid = {23AE076B-692D-4969-9C88-3541744D0C2D}
	EndGlobalSection
EndGlobal
